
Microsoft Visual Studio Solution File, Format Version 12.00
# Visual Studio Version 16
VisualStudioVersion = 16.0.31702.278
MinimumVisualStudioVersion = 10.0.40219.1
Project("{FAE04EC0-301F-11D3-BF4B-00C04F79EFBC}") = "SortingScript", "SortingScript\SortingScript.csproj", "{BED17271-4039-490E-8D2A-46263FF095DB}"
EndProject
Global
	GlobalSection(SolutionConfigurationPlatforms) = preSolution
		Debug|Any CPU = Debug|Any CPU
		Release|Any CPU = Release|Any CPU
	EndGlobalSection
	GlobalSection(ProjectConfigurationPlatforms) = postSolution
		{BED17271-4039-490E-8D2A-46263FF095DB}.Debug|Any CPU.ActiveCfg = Debug|Any CPU
		{BED17271-4039-490E-8D2A-46263FF095DB}.Debug|Any CPU.Build.0 = Debug|Any CPU
		{BED17271-4039-490E-8D2A-46263FF095DB}.Release|Any CPU.ActiveCfg = Release|Any CPU
		{BED17271-4039-490E-8D2A-46263FF095DB}.Release|Any CPU.Build.0 = Release|Any CPU
	EndGlobalSection
	GlobalSection(SolutionProperties) = preSolution
		HideSolutionNode = FALSE
	EndGlobalSection
	GlobalSection(ExtensibilityGlobals) = postSolution
		SolutionGuid = {A2E59E91-FB1C-4BB6-8354-11E45B6CB537}
	EndGlobalSection
EndGlobal
